
Microsoft Visual Studio Solution File, Format Version 12.00
# Visual Studio Version 17
VisualStudioVersion = 17.8.34316.72
MinimumVisualStudioVersion = 10.0.40219.1
Project("{FAE04EC0-301F-11D3-BF4B-00C04F79EFBC}") = "Surveys.Domain", "Surveys.Domain\Surveys.Domain.csproj", "{7FA5F400-70E3-4D09-9401-FFE3590095BA}"
EndProject
Project("{FAE04EC0-301F-11D3-BF4B-00C04F79EFBC}") = "Surveys.Infrastructure", "Surveys.Infrastructure\Surveys.Infrastructure.csproj", "{6E4561A8-7634-442D-BCE1-455881CFCDE0}"
EndProject
Project("{FAE04EC0-301F-11D3-BF4B-00C04F79EFBC}") = "Surveys.WPF", "Surveys.WPF\Surveys.WPF.csproj", "{4E21DB20-B597-4CF8-9318-3EAB7A2140C2}"
EndProject
Global
	GlobalSection(SolutionConfigurationPlatforms) = preSolution
		Debug|Any CPU = Debug|Any CPU
		Release|Any CPU = Release|Any CPU
	EndGlobalSection
	GlobalSection(ProjectConfigurationPlatforms) = postSolution
		{7FA5F400-70E3-4D09-9401-FFE3590095BA}.Debug|Any CPU.ActiveCfg = Debug|Any CPU
		{7FA5F400-70E3-4D09-9401-FFE3590095BA}.Debug|Any CPU.Build.0 = Debug|Any CPU
		{7FA5F400-70E3-4D09-9401-FFE3590095BA}.Release|Any CPU.ActiveCfg = Release|Any CPU
		{7FA5F400-70E3-4D09-9401-FFE3590095BA}.Release|Any CPU.Build.0 = Release|Any CPU
		{6E4561A8-7634-442D-BCE1-455881CFCDE0}.Debug|Any CPU.ActiveCfg = Debug|Any CPU
		{6E4561A8-7634-442D-BCE1-455881CFCDE0}.Debug|Any CPU.Build.0 = Debug|Any CPU
		{6E4561A8-7634-442D-BCE1-455881CFCDE0}.Release|Any CPU.ActiveCfg = Release|Any CPU
		{6E4561A8-7634-442D-BCE1-455881CFCDE0}.Release|Any CPU.Build.0 = Release|Any CPU
		{4E21DB20-B597-4CF8-9318-3EAB7A2140C2}.Debug|Any CPU.ActiveCfg = Debug|Any CPU
		{4E21DB20-B597-4CF8-9318-3EAB7A2140C2}.Debug|Any CPU.Build.0 = Debug|Any CPU
		{4E21DB20-B597-4CF8-9318-3EAB7A2140C2}.Release|Any CPU.ActiveCfg = Release|Any CPU
		{4E21DB20-B597-4CF8-9318-3EAB7A2140C2}.Release|Any CPU.Build.0 = Release|Any CPU
	EndGlobalSection
	GlobalSection(SolutionProperties) = preSolution
		HideSolutionNode = FALSE
	EndGlobalSection
	GlobalSection(ExtensibilityGlobals) = postSolution
		SolutionGuid = {79958F56-B8C4-4E4F-BBD7-D870C87A8D2C}
	EndGlobalSection
EndGlobal
